
Microsoft Visual Studio Solution File, Format Version 12.00
# Visual Studio Version 17
VisualStudioVersion = 17.13.35931.197 d17.13
MinimumVisualStudioVersion = 10.0.40219.1
Project("{FAE04EC0-301F-11D3-BF4B-00C04F79EFBC}") = "WinFormsApp2", "WinFormsApp2\WinFormsApp2.csproj", "{CC06C9D8-347C-49F6-871E-5589FBE652CB}"
EndProject
Global
	GlobalSection(SolutionConfigurationPlatforms) = preSolution
		Debug|Any CPU = Debug|Any CPU
		Release|Any CPU = Release|Any CPU
	EndGlobalSection
	GlobalSection(ProjectConfigurationPlatforms) = postSolution
		{CC06C9D8-347C-49F6-871E-5589FBE652CB}.Debug|Any CPU.ActiveCfg = Debug|Any CPU
		{CC06C9D8-347C-49F6-871E-5589FBE652CB}.Debug|Any CPU.Build.0 = Debug|Any CPU
		{CC06C9D8-347C-49F6-871E-5589FBE652CB}.Release|Any CPU.ActiveCfg = Release|Any CPU
		{CC06C9D8-347C-49F6-871E-5589FBE652CB}.Release|Any CPU.Build.0 = Release|Any CPU
	EndGlobalSection
	GlobalSection(SolutionProperties) = preSolution
		HideSolutionNode = FALSE
	EndGlobalSection
	GlobalSection(ExtensibilityGlobals) = postSolution
		SolutionGuid = {A5EFCD80-CEA1-4666-BB25-9EB66007E007}
	EndGlobalSection
EndGlobal
